{
  "version": 4,
  "terraform_version": "1.12.2",
  "serial": 9,
  "lineage": "c8d32c20-2e72-49c0-d840-457f1ad4ce7b",
  "outputs": {},
  "resources": [
    {
      "mode": "managed",
      "type": "helm_release",
      "name": "argocd",
      "provider": "provider[\"registry.terraform.io/hashicorp/helm\"]",
      "instances": [
        {
          "schema_version": 1,
          "attributes": {
            "atomic": false,
            "chart": "argo-cd",
            "cleanup_on_fail": false,
            "create_namespace": true,
            "dependency_update": false,
            "description": "Install complete",
            "devel": null,
            "disable_crd_hooks": false,
            "disable_openapi_validation": false,
            "disable_webhooks": false,
            "force_update": false,
            "id": "argocd",
            "keyring": null,
            "lint": false,
            "manifest": null,
            "max_history": 0,
            "metadata": [
              {
                "app_version": "v2.9.2",
                "chart": "argo-cd",
                "first_deployed": 1751099920,
                "last_deployed": 1751286099,
                "name": "argocd",
                "namespace": "argocd",
                "notes": "\n\nIn order to access the server UI you have the following options:\n\n1. kubectl port-forward service/argocd-server -n argocd 8080:443\n\n    and then open the browser on http://localhost:8080 and accept the certificate\n\n2. enable ingress in the values file `server.ingress.enabled` and either\n      - Add the annotation for ssl passthrough: https://argo-cd.readthedocs.io/en/stable/operator-manual/ingress/#option-1-ssl-passthrough\n      - Set the `configs.params.\"server.insecure\"` in the values file and terminate SSL at your ingress: https://argo-cd.readthedocs.io/en/stable/operator-manual/ingress/#option-2-multiple-ingress-objects-and-hosts\n\n\nAfter reaching the UI the first time you can login with username: admin and the random password generated during the installation. You can find the password by running:\n\nkubectl -n argocd get secret argocd-initial-admin-secret -o jsonpath=\"{.data.password}\" | base64 -d\n\n(You should delete the initial secret afterwards as suggested by the Getting Started Guide: https://argo-cd.readthedocs.io/en/stable/getting_started/#4-login-using-the-cli)\n",
                "revision": 2,
                "values": "{\"server\":{\"ingress\":{\"enabled\":true,\"hosts\":[\"argocd.local\"],\"ingressClassName\":\"nginx\",\"pathType\":\"Prefix\",\"paths\":[\"/\"]}}}",
                "version": "5.51.4"
              }
            ],
            "name": "argocd",
            "namespace": "argocd",
            "pass_credentials": false,
            "postrender": [],
            "recreate_pods": false,
            "render_subchart_notes": true,
            "replace": false,
            "repository": "https://argoproj.github.io/argo-helm",
            "repository_ca_file": null,
            "repository_cert_file": null,
            "repository_key_file": null,
            "repository_password": null,
            "repository_username": null,
            "reset_values": false,
            "reuse_values": false,
            "set": [],
            "set_list": [],
            "set_sensitive": [],
            "skip_crds": true,
            "status": "deployed",
            "timeout": 300,
            "upgrade_install": null,
            "values": [
              "server:\n  # -- Ingress configuration for the Argo CD server\n  ingress:\n    enabled: true\n    # -- We will use the Minikube ingress controller\n    ingressClassName: \"nginx\"\n    hosts:\n      - argocd.local\n    paths:\n      - /\n    pathType: \"Prefix\"\n"
            ],
            "verify": false,
            "version": "5.51.4",
            "wait": true,
            "wait_for_jobs": false
          },
          "sensitive_attributes": [
            [
              {
                "type": "get_attr",
                "value": "repository_password"
              }
            ]
          ],
          "identity_schema_version": 0,
          "private": "eyJzY2hlbWFfdmVyc2lvbiI6IjEifQ=="
        }
      ]
    },
    {
      "mode": "managed",
      "type": "helm_release",
      "name": "grafana",
      "provider": "provider[\"registry.terraform.io/hashicorp/helm\"]",
      "instances": [
        {
          "schema_version": 1,
          "attributes": {
            "atomic": false,
            "chart": "grafana",
            "cleanup_on_fail": false,
            "create_namespace": true,
            "dependency_update": false,
            "description": null,
            "devel": null,
            "disable_crd_hooks": false,
            "disable_openapi_validation": false,
            "disable_webhooks": false,
            "force_update": false,
            "id": "grafana",
            "keyring": null,
            "lint": false,
            "manifest": null,
            "max_history": 0,
            "metadata": [
              {
                "app_version": "10.4.1",
                "chart": "grafana",
                "first_deployed": 1751286392,
                "last_deployed": 1751286392,
                "name": "grafana",
                "namespace": "monitoring",
                "notes": "1. Get your 'admin' user password by running:\n\n   kubectl get secret --namespace monitoring grafana -o jsonpath=\"{.data.admin-password}\" | base64 --decode ; echo\n\n\n2. The Grafana server can be accessed via port 80 on the following DNS name from within your cluster:\n\n   grafana.monitoring.svc.cluster.local\n\n   Get the Grafana URL to visit by running these commands in the same shell:\n     export POD_NAME=$(kubectl get pods --namespace monitoring -l \"app.kubernetes.io/name=grafana,app.kubernetes.io/instance=grafana\" -o jsonpath=\"{.items[0].metadata.name}\")\n     kubectl --namespace monitoring port-forward $POD_NAME 3000\n\n3. Login with the password from step 1 and the username: admin\n#################################################################################\n######   WARNING: Persistence is disabled!!! You will lose your data when   #####\n######            the Grafana pod is terminated.                            #####\n#################################################################################\n",
                "revision": 1,
                "values": "{}",
                "version": "7.3.11"
              }
            ],
            "name": "grafana",
            "namespace": "monitoring",
            "pass_credentials": false,
            "postrender": [],
            "recreate_pods": false,
            "render_subchart_notes": true,
            "replace": false,
            "repository": "https://grafana.github.io/helm-charts",
            "repository_ca_file": null,
            "repository_cert_file": null,
            "repository_key_file": null,
            "repository_password": null,
            "repository_username": null,
            "reset_values": false,
            "reuse_values": false,
            "set": [],
            "set_list": [],
            "set_sensitive": [],
            "skip_crds": false,
            "status": "deployed",
            "timeout": 300,
            "upgrade_install": null,
            "values": [
              "{}"
            ],
            "verify": false,
            "version": "7.3.11",
            "wait": true,
            "wait_for_jobs": false
          },
          "sensitive_attributes": [
            [
              {
                "type": "get_attr",
                "value": "repository_password"
              }
            ]
          ],
          "identity_schema_version": 0,
          "private": "eyJzY2hlbWFfdmVyc2lvbiI6IjEifQ=="
        }
      ]
    },
    {
      "mode": "managed",
      "type": "helm_release",
      "name": "prometheus",
      "provider": "provider[\"registry.terraform.io/hashicorp/helm\"]",
      "instances": [
        {
          "schema_version": 1,
          "attributes": {
            "atomic": false,
            "chart": "prometheus",
            "cleanup_on_fail": false,
            "create_namespace": true,
            "dependency_update": false,
            "description": null,
            "devel": null,
            "disable_crd_hooks": false,
            "disable_openapi_validation": false,
            "disable_webhooks": false,
            "force_update": false,
            "id": "prometheus",
            "keyring": null,
            "lint": false,
            "manifest": null,
            "max_history": 0,
            "metadata": [
              {
                "app_version": "v2.51.0",
                "chart": "prometheus",
                "first_deployed": 1751286395,
                "last_deployed": 1751286395,
                "name": "prometheus",
                "namespace": "monitoring",
                "notes": "1. Get the application URL by running these commands:\n  export POD_NAME=$(kubectl get pods --namespace monitoring -l \"app.kubernetes.io/name=alertmanager,app.kubernetes.io/instance=prometheus\" -o jsonpath=\"{.items[0].metadata.name}\")\n  echo \"Visit http://127.0.0.1:9093 to use your application\"\n  kubectl --namespace monitoring port-forward $POD_NAME 9093:80\n\nkube-state-metrics is a simple service that listens to the Kubernetes API server and generates metrics about the state of the objects.\nThe exposed metrics can be found here:\nhttps://github.com/kubernetes/kube-state-metrics/blob/master/docs/README.md#exposed-metrics\n\nThe metrics are exported on the HTTP endpoint /metrics on the listening port.\nIn your case, prometheus-kube-state-metrics.monitoring.svc.cluster.local:8080/metrics\n\nThey are served either as plaintext or protobuf depending on the Accept header.\nThey are designed to be consumed either by Prometheus itself or by a scraper that is compatible with scraping a Prometheus client endpoint.\n\n1. Get the application URL by running these commands:\n  export POD_NAME=$(kubectl get pods --namespace monitoring -l \"app.kubernetes.io/name=prometheus-pushgateway,app.kubernetes.io/instance=prometheus\" -o jsonpath=\"{.items[0].metadata.name}\")\n  kubectl port-forward $POD_NAME 9091\n  echo \"Visit http://127.0.0.1:9091 to use your application\"\n\nThe Prometheus server can be accessed via port 80 on the following DNS name from within your cluster:\nprometheus-server.monitoring.svc.cluster.local\n\nFrom outside the cluster, the server URL(s) are:\nhttp://prometheus.local\n\n\nThe Prometheus alertmanager can be accessed via port 9093 on the following DNS name from within your cluster:\nprometheus-alertmanager.monitoring.svc.cluster.local\n\n\nGet the Alertmanager URL by running these commands in the same shell:\n  export POD_NAME=$(kubectl get pods --namespace monitoring -l \"app.kubernetes.io/name=alertmanager,app.kubernetes.io/instance=prometheus\" -o jsonpath=\"{.items[0].metadata.name}\")\n  kubectl --namespace monitoring port-forward $POD_NAME 9093\n#################################################################################\n######   WARNING: Pod Security Policy has been disabled by default since    #####\n######            it deprecated after k8s 1.25+. use                        #####\n######            (index .Values \"prometheus-node-exporter\" \"rbac\"          #####\n###### .          \"pspEnabled\") with (index .Values                         #####\n######            \"prometheus-node-exporter\" \"rbac\" \"pspAnnotations\")       #####\n######            in case you still need it.                                #####\n#################################################################################\n\n\nThe Prometheus PushGateway can be accessed via port 9091 on the following DNS name from within your cluster:\nprometheus-prometheus-pushgateway.monitoring.svc.cluster.local\n\n\nGet the PushGateway URL by running these commands in the same shell:\n  export POD_NAME=$(kubectl get pods --namespace monitoring -l \"app=prometheus-pushgateway,component=pushgateway\" -o jsonpath=\"{.items[0].metadata.name}\")\n  kubectl --namespace monitoring port-forward $POD_NAME 9091\n\nFor more information on running Prometheus, visit:\nhttps://prometheus.io/\n\n1. Get the application URL by running these commands:\n  export POD_NAME=$(kubectl get pods --namespace monitoring -l \"app.kubernetes.io/name=prometheus-node-exporter,app.kubernetes.io/instance=prometheus\" -o jsonpath=\"{.items[0].metadata.name}\")\n  echo \"Visit http://127.0.0.1:9100 to use your application\"\n  kubectl port-forward --namespace monitoring $POD_NAME 9100",
                "revision": 1,
                "values": "{\"server\":{\"ingress\":{\"enabled\":true,\"hosts\":[\"prometheus.local\"],\"ingressClassName\":\"nginx\",\"pathType\":\"Prefix\",\"paths\":[\"/\"]}}}",
                "version": "25.18.0"
              }
            ],
            "name": "prometheus",
            "namespace": "monitoring",
            "pass_credentials": false,
            "postrender": [],
            "recreate_pods": false,
            "render_subchart_notes": true,
            "replace": false,
            "repository": "https://prometheus-community.github.io/helm-charts",
            "repository_ca_file": null,
            "repository_cert_file": null,
            "repository_key_file": null,
            "repository_password": null,
            "repository_username": null,
            "reset_values": false,
            "reuse_values": false,
            "set": [],
            "set_list": [],
            "set_sensitive": [],
            "skip_crds": false,
            "status": "deployed",
            "timeout": 300,
            "upgrade_install": null,
            "values": [
              "server:\n  ingress:\n    enabled: true\n    ingressClassName: \"nginx\"\n    hosts:\n      - prometheus.local\n    paths:\n      - /\n    pathType: \"Prefix\"\n"
            ],
            "verify": false,
            "version": "25.18.0",
            "wait": true,
            "wait_for_jobs": false
          },
          "sensitive_attributes": [
            [
              {
                "type": "get_attr",
                "value": "repository_password"
              }
            ]
          ],
          "identity_schema_version": 0,
          "private": "eyJzY2hlbWFfdmVyc2lvbiI6IjEifQ=="
        }
      ]
    },
    {
      "mode": "managed",
      "type": "kubernetes_manifest",
      "name": "argocd_app",
      "provider": "provider[\"registry.terraform.io/hashicorp/kubernetes\"]",
      "instances": [
        {
          "schema_version": 1,
          "attributes": {
            "computed_fields": null,
            "field_manager": [],
            "manifest": {
              "value": {
                "apiVersion": "argoproj.io/v1alpha1",
                "kind": "Application",
                "metadata": {
                  "name": "demo-app",
                  "namespace": "argocd"
                },
                "spec": {
                  "destination": {
                    "namespace": "default",
                    "server": "https://kubernetes.default.svc"
                  },
                  "project": "default",
                  "source": {
                    "path": "manifests/app",
                    "repoURL": "https://github.com/YOUR_USERNAME/YOUR_REPOSITORY.git",
                    "targetRevision": "HEAD"
                  },
                  "syncPolicy": {
                    "automated": {
                      "prune": true,
                      "selfHeal": true
                    }
                  }
                }
              },
              "type": [
                "object",
                {
                  "apiVersion": "string",
                  "kind": "string",
                  "metadata": [
                    "object",
                    {
                      "name": "string",
                      "namespace": "string"
                    }
                  ],
                  "spec": [
                    "object",
                    {
                      "destination": [
                        "object",
                        {
                          "namespace": "string",
                          "server": "string"
                        }
                      ],
                      "project": "string",
                      "source": [
                        "object",
                        {
                          "path": "string",
                          "repoURL": "string",
                          "targetRevision": "string"
                        }
                      ],
                      "syncPolicy": [
                        "object",
                        {
                          "automated": [
                            "object",
                            {
                              "prune": "bool",
                              "selfHeal": "bool"
                            }
                          ]
                        }
                      ]
                    }
                  ]
                }
              ]
            },
            "object": {
              "value": {
                "apiVersion": "argoproj.io/v1alpha1",
                "kind": "Application",
                "metadata": {
                  "annotations": null,
                  "creationTimestamp": null,
                  "deletionGracePeriodSeconds": null,
                  "deletionTimestamp": null,
                  "finalizers": null,
                  "generateName": null,
                  "generation": null,
                  "labels": null,
                  "managedFields": null,
                  "name": "demo-app",
                  "namespace": "argocd",
                  "ownerReferences": null,
                  "resourceVersion": null,
                  "selfLink": null,
                  "uid": null
                },
                "operation": {
                  "info": null,
                  "initiatedBy": {
                    "automated": null,
                    "username": null
                  },
                  "retry": {
                    "backoff": {
                      "duration": null,
                      "factor": null,
                      "maxDuration": null
                    },
                    "limit": null
                  },
                  "sync": {
                    "dryRun": null,
                    "manifests": null,
                    "prune": null,
                    "resources": null,
                    "revision": null,
                    "revisions": null,
                    "source": {
                      "chart": null,
                      "directory": {
                        "exclude": null,
                        "include": null,
                        "jsonnet": {
                          "extVars": null,
                          "libs": null,
                          "tlas": null
                        },
                        "recurse": null
                      },
                      "helm": {
                        "fileParameters": null,
                        "ignoreMissingValueFiles": null,
                        "parameters": null,
                        "passCredentials": null,
                        "releaseName": null,
                        "skipCrds": null,
                        "valueFiles": null,
                        "values": null,
                        "valuesObject": null,
                        "version": null
                      },
                      "kustomize": {
                        "commonAnnotations": null,
                        "commonAnnotationsEnvsubst": null,
                        "commonLabels": null,
                        "forceCommonAnnotations": null,
                        "forceCommonLabels": null,
                        "images": null,
                        "namePrefix": null,
                        "nameSuffix": null,
                        "namespace": null,
                        "patches": null,
                        "replicas": null,
                        "version": null
                      },
                      "path": null,
                      "plugin": {
                        "env": null,
                        "name": null,
                        "parameters": null
                      },
                      "ref": null,
                      "repoURL": null,
                      "targetRevision": null
                    },
                    "sources": null,
                    "syncOptions": null,
                    "syncStrategy": {
                      "apply": {
                        "force": null
                      },
                      "hook": {
                        "force": null
                      }
                    }
                  }
                },
                "spec": {
                  "destination": {
                    "name": null,
                    "namespace": "default",
                    "server": "https://kubernetes.default.svc"
                  },
                  "ignoreDifferences": null,
                  "info": null,
                  "project": "default",
                  "revisionHistoryLimit": null,
                  "source": {
                    "chart": null,
                    "directory": {
                      "exclude": null,
                      "include": null,
                      "jsonnet": {
                        "extVars": null,
                        "libs": null,
                        "tlas": null
                      },
                      "recurse": null
                    },
                    "helm": {
                      "fileParameters": null,
                      "ignoreMissingValueFiles": null,
                      "parameters": null,
                      "passCredentials": null,
                      "releaseName": null,
                      "skipCrds": null,
                      "valueFiles": null,
                      "values": null,
                      "valuesObject": null,
                      "version": null
                    },
                    "kustomize": {
                      "commonAnnotations": null,
                      "commonAnnotationsEnvsubst": null,
                      "commonLabels": null,
                      "forceCommonAnnotations": null,
                      "forceCommonLabels": null,
                      "images": null,
                      "namePrefix": null,
                      "nameSuffix": null,
                      "namespace": null,
                      "patches": null,
                      "replicas": null,
                      "version": null
                    },
                    "path": "manifests/app",
                    "plugin": {
                      "env": null,
                      "name": null,
                      "parameters": null
                    },
                    "ref": null,
                    "repoURL": "https://github.com/YOUR_USERNAME/YOUR_REPOSITORY.git",
                    "targetRevision": "HEAD"
                  },
                  "sources": null,
                  "syncPolicy": {
                    "automated": {
                      "allowEmpty": null,
                      "prune": true,
                      "selfHeal": true
                    },
                    "managedNamespaceMetadata": {
                      "annotations": null,
                      "labels": null
                    },
                    "retry": {
                      "backoff": {
                        "duration": null,
                        "factor": null,
                        "maxDuration": null
                      },
                      "limit": null
                    },
                    "syncOptions": null
                  }
                }
              },
              "type": [
                "object",
                {
                  "apiVersion": "string",
                  "kind": "string",
                  "metadata": [
                    "object",
                    {
                      "annotations": [
                        "map",
                        "string"
                      ],
                      "creationTimestamp": "string",
                      "deletionGracePeriodSeconds": "number",
                      "deletionTimestamp": "string",
                      "finalizers": [
                        "list",
                        "string"
                      ],
                      "generateName": "string",
                      "generation": "number",
                      "labels": [
                        "map",
                        "string"
                      ],
                      "managedFields": [
                        "tuple",
                        [
                          [
                            "object",
                            {
                              "apiVersion": "string",
                              "fieldsType": "string",
                              "fieldsV1": "dynamic",
                              "manager": "string",
                              "operation": "string",
                              "subresource": "string",
                              "time": "string"
                            }
                          ]
                        ]
                      ],
                      "name": "string",
                      "namespace": "string",
                      "ownerReferences": [
                        "list",
                        [
                          "object",
                          {
                            "apiVersion": "string",
                            "blockOwnerDeletion": "bool",
                            "controller": "bool",
                            "kind": "string",
                            "name": "string",
                            "uid": "string"
                          }
                        ]
                      ],
                      "resourceVersion": "string",
                      "selfLink": "string",
                      "uid": "string"
                    }
                  ],
                  "operation": [
                    "object",
                    {
                      "info": [
                        "list",
                        [
                          "object",
                          {
                            "name": "string",
                            "value": "string"
                          }
                        ]
                      ],
                      "initiatedBy": [
                        "object",
                        {
                          "automated": "bool",
                          "username": "string"
                        }
                      ],
                      "retry": [
                        "object",
                        {
                          "backoff": [
                            "object",
                            {
                              "duration": "string",
                              "factor": "number",
                              "maxDuration": "string"
                            }
                          ],
                          "limit": "number"
                        }
                      ],
                      "sync": [
                        "object",
                        {
                          "dryRun": "bool",
                          "manifests": [
                            "list",
                            "string"
                          ],
                          "prune": "bool",
                          "resources": [
                            "list",
                            [
                              "object",
                              {
                                "group": "string",
                                "kind": "string",
                                "name": "string",
                                "namespace": "string"
                              }
                            ]
                          ],
                          "revision": "string",
                          "revisions": [
                            "list",
                            "string"
                          ],
                          "source": [
                            "object",
                            {
                              "chart": "string",
                              "directory": [
                                "object",
                                {
                                  "exclude": "string",
                                  "include": "string",
                                  "jsonnet": [
                                    "object",
                                    {
                                      "extVars": [
                                        "list",
                                        [
                                          "object",
                                          {
                                            "code": "bool",
                                            "name": "string",
                                            "value": "string"
                                          }
                                        ]
                                      ],
                                      "libs": [
                                        "list",
                                        "string"
                                      ],
                                      "tlas": [
                                        "list",
                                        [
                                          "object",
                                          {
                                            "code": "bool",
                                            "name": "string",
                                            "value": "string"
                                          }
                                        ]
                                      ]
                                    }
                                  ],
                                  "recurse": "bool"
                                }
                              ],
                              "helm": [
                                "object",
                                {
                                  "fileParameters": [
                                    "list",
                                    [
                                      "object",
                                      {
                                        "name": "string",
                                        "path": "string"
                                      }
                                    ]
                                  ],
                                  "ignoreMissingValueFiles": "bool",
                                  "parameters": [
                                    "list",
                                    [
                                      "object",
                                      {
                                        "forceString": "bool",
                                        "name": "string",
                                        "value": "string"
                                      }
                                    ]
                                  ],
                                  "passCredentials": "bool",
                                  "releaseName": "string",
                                  "skipCrds": "bool",
                                  "valueFiles": [
                                    "list",
                                    "string"
                                  ],
                                  "values": "string",
                                  "valuesObject": "dynamic",
                                  "version": "string"
                                }
                              ],
                              "kustomize": [
                                "object",
                                {
                                  "commonAnnotations": [
                                    "map",
                                    "string"
                                  ],
                                  "commonAnnotationsEnvsubst": "bool",
                                  "commonLabels": [
                                    "map",
                                    "string"
                                  ],
                                  "forceCommonAnnotations": "bool",
                                  "forceCommonLabels": "bool",
                                  "images": [
                                    "list",
                                    "string"
                                  ],
                                  "namePrefix": "string",
                                  "nameSuffix": "string",
                                  "namespace": "string",
                                  "patches": [
                                    "list",
                                    [
                                      "object",
                                      {
                                        "options": [
                                          "map",
                                          "bool"
                                        ],
                                        "patch": "string",
                                        "path": "string",
                                        "target": [
                                          "object",
                                          {
                                            "annotationSelector": "string",
                                            "group": "string",
                                            "kind": "string",
                                            "labelSelector": "string",
                                            "name": "string",
                                            "namespace": "string",
                                            "version": "string"
                                          }
                                        ]
                                      }
                                    ]
                                  ],
                                  "replicas": [
                                    "list",
                                    [
                                      "object",
                                      {
                                        "count": "string",
                                        "name": "string"
                                      }
                                    ]
                                  ],
                                  "version": "string"
                                }
                              ],
                              "path": "string",
                              "plugin": [
                                "object",
                                {
                                  "env": [
                                    "list",
                                    [
                                      "object",
                                      {
                                        "name": "string",
                                        "value": "string"
                                      }
                                    ]
                                  ],
                                  "name": "string",
                                  "parameters": [
                                    "list",
                                    [
                                      "object",
                                      {
                                        "array": [
                                          "list",
                                          "string"
                                        ],
                                        "map": [
                                          "map",
                                          "string"
                                        ],
                                        "name": "string",
                                        "string": "string"
                                      }
                                    ]
                                  ]
                                }
                              ],
                              "ref": "string",
                              "repoURL": "string",
                              "targetRevision": "string"
                            }
                          ],
                          "sources": [
                            "tuple",
                            [
                              [
                                "object",
                                {
                                  "chart": "string",
                                  "directory": [
                                    "object",
                                    {
                                      "exclude": "string",
                                      "include": "string",
                                      "jsonnet": [
                                        "object",
                                        {
                                          "extVars": [
                                            "list",
                                            [
                                              "object",
                                              {
                                                "code": "bool",
                                                "name": "string",
                                                "value": "string"
                                              }
                                            ]
                                          ],
                                          "libs": [
                                            "list",
                                            "string"
                                          ],
                                          "tlas": [
                                            "list",
                                            [
                                              "object",
                                              {
                                                "code": "bool",
                                                "name": "string",
                                                "value": "string"
                                              }
                                            ]
                                          ]
                                        }
                                      ],
                                      "recurse": "bool"
                                    }
                                  ],
                                  "helm": [
                                    "object",
                                    {
                                      "fileParameters": [
                                        "list",
                                        [
                                          "object",
                                          {
                                            "name": "string",
                                            "path": "string"
                                          }
                                        ]
                                      ],
                                      "ignoreMissingValueFiles": "bool",
                                      "parameters": [
                                        "list",
                                        [
                                          "object",
                                          {
                                            "forceString": "bool",
                                            "name": "string",
                                            "value": "string"
                                          }
                                        ]
                                      ],
                                      "passCredentials": "bool",
                                      "releaseName": "string",
                                      "skipCrds": "bool",
                                      "valueFiles": [
                                        "list",
                                        "string"
                                      ],
                                      "values": "string",
                                      "valuesObject": "dynamic",
                                      "version": "string"
                                    }
                                  ],
                                  "kustomize": [
                                    "object",
                                    {
                                      "commonAnnotations": [
                                        "map",
                                        "string"
                                      ],
                                      "commonAnnotationsEnvsubst": "bool",
                                      "commonLabels": [
                                        "map",
                                        "string"
                                      ],
                                      "forceCommonAnnotations": "bool",
                                      "forceCommonLabels": "bool",
                                      "images": [
                                        "list",
                                        "string"
                                      ],
                                      "namePrefix": "string",
                                      "nameSuffix": "string",
                                      "namespace": "string",
                                      "patches": [
                                        "list",
                                        [
                                          "object",
                                          {
                                            "options": [
                                              "map",
                                              "bool"
                                            ],
                                            "patch": "string",
                                            "path": "string",
                                            "target": [
                                              "object",
                                              {
                                                "annotationSelector": "string",
                                                "group": "string",
                                                "kind": "string",
                                                "labelSelector": "string",
                                                "name": "string",
                                                "namespace": "string",
                                                "version": "string"
                                              }
                                            ]
                                          }
                                        ]
                                      ],
                                      "replicas": [
                                        "list",
                                        [
                                          "object",
                                          {
                                            "count": "string",
                                            "name": "string"
                                          }
                                        ]
                                      ],
                                      "version": "string"
                                    }
                                  ],
                                  "path": "string",
                                  "plugin": [
                                    "object",
                                    {
                                      "env": [
                                        "list",
                                        [
                                          "object",
                                          {
                                            "name": "string",
                                            "value": "string"
                                          }
                                        ]
                                      ],
                                      "name": "string",
                                      "parameters": [
                                        "list",
                                        [
                                          "object",
                                          {
                                            "array": [
                                              "list",
                                              "string"
                                            ],
                                            "map": [
                                              "map",
                                              "string"
                                            ],
                                            "name": "string",
                                            "string": "string"
                                          }
                                        ]
                                      ]
                                    }
                                  ],
                                  "ref": "string",
                                  "repoURL": "string",
                                  "targetRevision": "string"
                                }
                              ]
                            ]
                          ],
                          "syncOptions": [
                            "list",
                            "string"
                          ],
                          "syncStrategy": [
                            "object",
                            {
                              "apply": [
                                "object",
                                {
                                  "force": "bool"
                                }
                              ],
                              "hook": [
                                "object",
                                {
                                  "force": "bool"
                                }
                              ]
                            }
                          ]
                        }
                      ]
                    }
                  ],
                  "spec": [
                    "object",
                    {
                      "destination": [
                        "object",
                        {
                          "name": "string",
                          "namespace": "string",
                          "server": "string"
                        }
                      ],
                      "ignoreDifferences": [
                        "list",
                        [
                          "object",
                          {
                            "group": "string",
                            "jqPathExpressions": [
                              "list",
                              "string"
                            ],
                            "jsonPointers": [
                              "list",
                              "string"
                            ],
                            "kind": "string",
                            "managedFieldsManagers": [
                              "list",
                              "string"
                            ],
                            "name": "string",
                            "namespace": "string"
                          }
                        ]
                      ],
                      "info": [
                        "list",
                        [
                          "object",
                          {
                            "name": "string",
                            "value": "string"
                          }
                        ]
                      ],
                      "project": "string",
                      "revisionHistoryLimit": "number",
                      "source": [
                        "object",
                        {
                          "chart": "string",
                          "directory": [
                            "object",
                            {
                              "exclude": "string",
                              "include": "string",
                              "jsonnet": [
                                "object",
                                {
                                  "extVars": [
                                    "list",
                                    [
                                      "object",
                                      {
                                        "code": "bool",
                                        "name": "string",
                                        "value": "string"
                                      }
                                    ]
                                  ],
                                  "libs": [
                                    "list",
                                    "string"
                                  ],
                                  "tlas": [
                                    "list",
                                    [
                                      "object",
                                      {
                                        "code": "bool",
                                        "name": "string",
                                        "value": "string"
                                      }
                                    ]
                                  ]
                                }
                              ],
                              "recurse": "bool"
                            }
                          ],
                          "helm": [
                            "object",
                            {
                              "fileParameters": [
                                "list",
                                [
                                  "object",
                                  {
                                    "name": "string",
                                    "path": "string"
                                  }
                                ]
                              ],
                              "ignoreMissingValueFiles": "bool",
                              "parameters": [
                                "list",
                                [
                                  "object",
                                  {
                                    "forceString": "bool",
                                    "name": "string",
                                    "value": "string"
                                  }
                                ]
                              ],
                              "passCredentials": "bool",
                              "releaseName": "string",
                              "skipCrds": "bool",
                              "valueFiles": [
                                "list",
                                "string"
                              ],
                              "values": "string",
                              "valuesObject": "dynamic",
                              "version": "string"
                            }
                          ],
                          "kustomize": [
                            "object",
                            {
                              "commonAnnotations": [
                                "map",
                                "string"
                              ],
                              "commonAnnotationsEnvsubst": "bool",
                              "commonLabels": [
                                "map",
                                "string"
                              ],
                              "forceCommonAnnotations": "bool",
                              "forceCommonLabels": "bool",
                              "images": [
                                "list",
                                "string"
                              ],
                              "namePrefix": "string",
                              "nameSuffix": "string",
                              "namespace": "string",
                              "patches": [
                                "list",
                                [
                                  "object",
                                  {
                                    "options": [
                                      "map",
                                      "bool"
                                    ],
                                    "patch": "string",
                                    "path": "string",
                                    "target": [
                                      "object",
                                      {
                                        "annotationSelector": "string",
                                        "group": "string",
                                        "kind": "string",
                                        "labelSelector": "string",
                                        "name": "string",
                                        "namespace": "string",
                                        "version": "string"
                                      }
                                    ]
                                  }
                                ]
                              ],
                              "replicas": [
                                "list",
                                [
                                  "object",
                                  {
                                    "count": "string",
                                    "name": "string"
                                  }
                                ]
                              ],
                              "version": "string"
                            }
                          ],
                          "path": "string",
                          "plugin": [
                            "object",
                            {
                              "env": [
                                "list",
                                [
                                  "object",
                                  {
                                    "name": "string",
                                    "value": "string"
                                  }
                                ]
                              ],
                              "name": "string",
                              "parameters": [
                                "list",
                                [
                                  "object",
                                  {
                                    "array": [
                                      "list",
                                      "string"
                                    ],
                                    "map": [
                                      "map",
                                      "string"
                                    ],
                                    "name": "string",
                                    "string": "string"
                                  }
                                ]
                              ]
                            }
                          ],
                          "ref": "string",
                          "repoURL": "string",
                          "targetRevision": "string"
                        }
                      ],
                      "sources": [
                        "tuple",
                        [
                          [
                            "object",
                            {
                              "chart": "string",
                              "directory": [
                                "object",
                                {
                                  "exclude": "string",
                                  "include": "string",
                                  "jsonnet": [
                                    "object",
                                    {
                                      "extVars": [
                                        "list",
                                        [
                                          "object",
                                          {
                                            "code": "bool",
                                            "name": "string",
                                            "value": "string"
                                          }
                                        ]
                                      ],
                                      "libs": [
                                        "list",
                                        "string"
                                      ],
                                      "tlas": [
                                        "list",
                                        [
                                          "object",
                                          {
                                            "code": "bool",
                                            "name": "string",
                                            "value": "string"
                                          }
                                        ]
                                      ]
                                    }
                                  ],
                                  "recurse": "bool"
                                }
                              ],
                              "helm": [
                                "object",
                                {
                                  "fileParameters": [
                                    "list",
                                    [
                                      "object",
                                      {
                                        "name": "string",
                                        "path": "string"
                                      }
                                    ]
                                  ],
                                  "ignoreMissingValueFiles": "bool",
                                  "parameters": [
                                    "list",
                                    [
                                      "object",
                                      {
                                        "forceString": "bool",
                                        "name": "string",
                                        "value": "string"
                                      }
                                    ]
                                  ],
                                  "passCredentials": "bool",
                                  "releaseName": "string",
                                  "skipCrds": "bool",
                                  "valueFiles": [
                                    "list",
                                    "string"
                                  ],
                                  "values": "string",
                                  "valuesObject": "dynamic",
                                  "version": "string"
                                }
                              ],
                              "kustomize": [
                                "object",
                                {
                                  "commonAnnotations": [
                                    "map",
                                    "string"
                                  ],
                                  "commonAnnotationsEnvsubst": "bool",
                                  "commonLabels": [
                                    "map",
                                    "string"
                                  ],
                                  "forceCommonAnnotations": "bool",
                                  "forceCommonLabels": "bool",
                                  "images": [
                                    "list",
                                    "string"
                                  ],
                                  "namePrefix": "string",
                                  "nameSuffix": "string",
                                  "namespace": "string",
                                  "patches": [
                                    "list",
                                    [
                                      "object",
                                      {
                                        "options": [
                                          "map",
                                          "bool"
                                        ],
                                        "patch": "string",
                                        "path": "string",
                                        "target": [
                                          "object",
                                          {
                                            "annotationSelector": "string",
                                            "group": "string",
                                            "kind": "string",
                                            "labelSelector": "string",
                                            "name": "string",
                                            "namespace": "string",
                                            "version": "string"
                                          }
                                        ]
                                      }
                                    ]
                                  ],
                                  "replicas": [
                                    "list",
                                    [
                                      "object",
                                      {
                                        "count": "string",
                                        "name": "string"
                                      }
                                    ]
                                  ],
                                  "version": "string"
                                }
                              ],
                              "path": "string",
                              "plugin": [
                                "object",
                                {
                                  "env": [
                                    "list",
                                    [
                                      "object",
                                      {
                                        "name": "string",
                                        "value": "string"
                                      }
                                    ]
                                  ],
                                  "name": "string",
                                  "parameters": [
                                    "list",
                                    [
                                      "object",
                                      {
                                        "array": [
                                          "list",
                                          "string"
                                        ],
                                        "map": [
                                          "map",
                                          "string"
                                        ],
                                        "name": "string",
                                        "string": "string"
                                      }
                                    ]
                                  ]
                                }
                              ],
                              "ref": "string",
                              "repoURL": "string",
                              "targetRevision": "string"
                            }
                          ]
                        ]
                      ],
                      "syncPolicy": [
                        "object",
                        {
                          "automated": [
                            "object",
                            {
                              "allowEmpty": "bool",
                              "prune": "bool",
                              "selfHeal": "bool"
                            }
                          ],
                          "managedNamespaceMetadata": [
                            "object",
                            {
                              "annotations": [
                                "map",
                                "string"
                              ],
                              "labels": [
                                "map",
                                "string"
                              ]
                            }
                          ],
                          "retry": [
                            "object",
                            {
                              "backoff": [
                                "object",
                                {
                                  "duration": "string",
                                  "factor": "number",
                                  "maxDuration": "string"
                                }
                              ],
                              "limit": "number"
                            }
                          ],
                          "syncOptions": [
                            "list",
                            "string"
                          ]
                        }
                      ]
                    }
                  ]
                }
              ]
            },
            "timeouts": [],
            "wait": [],
            "wait_for": null
          },
          "sensitive_attributes": [],
          "identity_schema_version": 0
        }
      ]
    }
  ],
  "check_results": null
}
